// !$*UTF8*$!
{
	archiveVersion = 1;
	classes = {
	};
	objectVersion = 52;
	objects = {

/* Begin PBXBuildFile section */
		650819BC2445F677003F4AC2 /* RequirementDetailView.swift in Sources */ = {isa = PBXBuildFile; fileRef = 650819BB2445F677003F4AC2 /* RequirementDetailView.swift */; };
		650819BE2445F6E4003F4AC2 /* RequirementDetailViewModel.swift in Sources */ = {isa = PBXBuildFile; fileRef = 650819BD2445F6E4003F4AC2 /* RequirementDetailViewModel.swift */; };
		651D347324487A1B002D716B /* LazyView.swift in Sources */ = {isa = PBXBuildFile; fileRef = 651D347224487A1B002D716B /* LazyView.swift */; };
		65423772244654D4007246F2 /* FullCardView.swift in Sources */ = {isa = PBXBuildFile; fileRef = 65423771244654D4007246F2 /* FullCardView.swift */; };
		6542377424465512007246F2 /* CardView.swift in Sources */ = {isa = PBXBuildFile; fileRef = 6542377324465512007246F2 /* CardView.swift */; };
		65423776244655B4007246F2 /* CountriesCardView.swift in Sources */ = {isa = PBXBuildFile; fileRef = 65423775244655B4007246F2 /* CountriesCardView.swift */; };
		6574F93324485DEE005F31F6 /* TemporaryImageCache.swift in Sources */ = {isa = PBXBuildFile; fileRef = 6574F93224485DEE005F31F6 /* TemporaryImageCache.swift */; };
		6574F93524485E62005F31F6 /* ImageCacheKey.swift in Sources */ = {isa = PBXBuildFile; fileRef = 6574F93424485E62005F31F6 /* ImageCacheKey.swift */; };
		65C3CABC2446F87E0001C100 /* CountryListView.swift in Sources */ = {isa = PBXBuildFile; fileRef = 65C3CABB2446F87E0001C100 /* CountryListView.swift */; };
		65C3CABF2446F8DE0001C100 /* CountryListViewModel.swift in Sources */ = {isa = PBXBuildFile; fileRef = 65C3CABE2446F8DE0001C100 /* CountryListViewModel.swift */; };
		65C3CAC12446F8FD0001C100 /* Country.swift in Sources */ = {isa = PBXBuildFile; fileRef = 65C3CAC02446F8FD0001C100 /* Country.swift */; };
		65C3CAC42446FBFC0001C100 /* CountriesProvider.swift in Sources */ = {isa = PBXBuildFile; fileRef = 65C3CAC32446FBFC0001C100 /* CountriesProvider.swift */; };
		65C3CAC72446FC310001C100 /* CountriesResponse.swift in Sources */ = {isa = PBXBuildFile; fileRef = 65C3CAC62446FC310001C100 /* CountriesResponse.swift */; };
		65C3CAC92446FCD10001C100 /* CountriesServer.swift in Sources */ = {isa = PBXBuildFile; fileRef = 65C3CAC82446FCD10001C100 /* CountriesServer.swift */; };
		65C3CACC244701B10001C100 /* ImageLoader.swift in Sources */ = {isa = PBXBuildFile; fileRef = 65C3CACB244701B10001C100 /* ImageLoader.swift */; };
		65C3CACE244702120001C100 /* AsyncImage.swift in Sources */ = {isa = PBXBuildFile; fileRef = 65C3CACD244702120001C100 /* AsyncImage.swift */; };
		65C3CAD1244708DC0001C100 /* SwiftUICharts in Frameworks */ = {isa = PBXBuildFile; productRef = 65C3CAD0244708DC0001C100 /* SwiftUICharts */; };
		65C3CAD4244708F30001C100 /* CountryChartView.swift in Sources */ = {isa = PBXBuildFile; fileRef = 65C3CAD3244708F30001C100 /* CountryChartView.swift */; };
		65C3CAD72447097A0001C100 /* CountryChartViewModel.swift in Sources */ = {isa = PBXBuildFile; fileRef = 65C3CAD62447097A0001C100 /* CountryChartViewModel.swift */; };
		65C3CAD924470A890001C100 /* CountryDataResponse.swift in Sources */ = {isa = PBXBuildFile; fileRef = 65C3CAD824470A890001C100 /* CountryDataResponse.swift */; };
		65C3CADB24470AF00001C100 /* CountryDataProvider.swift in Sources */ = {isa = PBXBuildFile; fileRef = 65C3CADA24470AF00001C100 /* CountryDataProvider.swift */; };
		65C3CADD24470B160001C100 /* CountryDataServer.swift in Sources */ = {isa = PBXBuildFile; fileRef = 65C3CADC24470B160001C100 /* CountryDataServer.swift */; };
		65C3CADF24470B320001C100 /* ServerManager.swift in Sources */ = {isa = PBXBuildFile; fileRef = 65C3CADE24470B320001C100 /* ServerManager.swift */; };
		65C3CAE124470BDC0001C100 /* StatusData.swift in Sources */ = {isa = PBXBuildFile; fileRef = 65C3CAE024470BDC0001C100 /* StatusData.swift */; };
		65CC379024471A0900A49690 /* CountryCardView.swift in Sources */ = {isa = PBXBuildFile; fileRef = 65CC378F24471A0900A49690 /* CountryCardView.swift */; };
		65CC37932447299300A49690 /* NavigationBarModifier.swift in Sources */ = {isa = PBXBuildFile; fileRef = 65CC37922447299300A49690 /* NavigationBarModifier.swift */; };
		65CC3795244729A500A49690 /* ViewExtensions.swift in Sources */ = {isa = PBXBuildFile; fileRef = 65CC3794244729A500A49690 /* ViewExtensions.swift */; };
		65E6FAFA2445AF590057CD44 /* AppDelegate.swift in Sources */ = {isa = PBXBuildFile; fileRef = 65E6FAF92445AF590057CD44 /* AppDelegate.swift */; };
		65E6FAFC2445AF590057CD44 /* SceneDelegate.swift in Sources */ = {isa = PBXBuildFile; fileRef = 65E6FAFB2445AF590057CD44 /* SceneDelegate.swift */; };
		65E6FAFE2445AF590057CD44 /* WelcomeView.swift in Sources */ = {isa = PBXBuildFile; fileRef = 65E6FAFD2445AF590057CD44 /* WelcomeView.swift */; };
		65E6FB002445AF5A0057CD44 /* Assets.xcassets in Resources */ = {isa = PBXBuildFile; fileRef = 65E6FAFF2445AF5A0057CD44 /* Assets.xcassets */; };
		65E6FB032445AF5A0057CD44 /* Preview Assets.xcassets in Resources */ = {isa = PBXBuildFile; fileRef = 65E6FB022445AF5A0057CD44 /* Preview Assets.xcassets */; };
		65E6FB062445AF5A0057CD44 /* LaunchScreen.storyboard in Resources */ = {isa = PBXBuildFile; fileRef = 65E6FB042445AF5A0057CD44 /* LaunchScreen.storyboard */; };
		65E6FB0F2445AFF00057CD44 /* APIError.swift in Sources */ = {isa = PBXBuildFile; fileRef = 65E6FB0E2445AFF00057CD44 /* APIError.swift */; };
		65E6FB152445B5DB0057CD44 /* ColorExtensions.swift in Sources */ = {isa = PBXBuildFile; fileRef = 65E6FB142445B5DB0057CD44 /* ColorExtensions.swift */; };
		65E6FB192445C3030057CD44 /* HomeView.swift in Sources */ = {isa = PBXBuildFile; fileRef = 65E6FB182445C3030057CD44 /* HomeView.swift */; };
		65E6FB1B2445C4220057CD44 /* UIColorExtensions.swift in Sources */ = {isa = PBXBuildFile; fileRef = 65E6FB1A2445C4220057CD44 /* UIColorExtensions.swift */; };
		65E6FB1D2445CB0A0057CD44 /* HomeViewModel.swift in Sources */ = {isa = PBXBuildFile; fileRef = 65E6FB1C2445CB0A0057CD44 /* HomeViewModel.swift */; };
		65E6FB1F2445CB3B0057CD44 /* Requirement.swift in Sources */ = {isa = PBXBuildFile; fileRef = 65E6FB1E2445CB3B0057CD44 /* Requirement.swift */; };
		65EB65CB2448E38600F36E50 /* SearchBar.swift in Sources */ = {isa = PBXBuildFile; fileRef = 65EB65CA2448E38600F36E50 /* SearchBar.swift */; };
/* End PBXBuildFile section */

/* Begin PBXFileReference section */
		650819BB2445F677003F4AC2 /* RequirementDetailView.swift */ = {isa = PBXFileReference; lastKnownFileType = sourcecode.swift; path = RequirementDetailView.swift; sourceTree = "<group>"; };
		650819BD2445F6E4003F4AC2 /* RequirementDetailViewModel.swift */ = {isa = PBXFileReference; lastKnownFileType = sourcecode.swift; path = RequirementDetailViewModel.swift; sourceTree = "<group>"; };
		651D347224487A1B002D716B /* LazyView.swift */ = {isa = PBXFileReference; lastKnownFileType = sourcecode.swift; path = LazyView.swift; sourceTree = "<group>"; };
		65423771244654D4007246F2 /* FullCardView.swift */ = {isa = PBXFileReference; lastKnownFileType = sourcecode.swift; path = FullCardView.swift; sourceTree = "<group>"; };
		6542377324465512007246F2 /* CardView.swift */ = {isa = PBXFileReference; lastKnownFileType = sourcecode.swift; path = CardView.swift; sourceTree = "<group>"; };
		65423775244655B4007246F2 /* CountriesCardView.swift */ = {isa = PBXFileReference; lastKnownFileType = sourcecode.swift; path = CountriesCardView.swift; sourceTree = "<group>"; };
		6574F93224485DEE005F31F6 /* TemporaryImageCache.swift */ = {isa = PBXFileReference; lastKnownFileType = sourcecode.swift; path = TemporaryImageCache.swift; sourceTree = "<group>"; };
		6574F93424485E62005F31F6 /* ImageCacheKey.swift */ = {isa = PBXFileReference; lastKnownFileType = sourcecode.swift; path = ImageCacheKey.swift; sourceTree = "<group>"; };
		65C3CABB2446F87E0001C100 /* CountryListView.swift */ = {isa = PBXFileReference; lastKnownFileType = sourcecode.swift; path = CountryListView.swift; sourceTree = "<group>"; };
		65C3CABE2446F8DE0001C100 /* CountryListViewModel.swift */ = {isa = PBXFileReference; lastKnownFileType = sourcecode.swift; path = CountryListViewModel.swift; sourceTree = "<group>"; };
		65C3CAC02446F8FD0001C100 /* Country.swift */ = {isa = PBXFileReference; lastKnownFileType = sourcecode.swift; path = Country.swift; sourceTree = "<group>"; };
		65C3CAC32446FBFC0001C100 /* CountriesProvider.swift */ = {isa = PBXFileReference; lastKnownFileType = sourcecode.swift; path = CountriesProvider.swift; sourceTree = "<group>"; };
		65C3CAC62446FC310001C100 /* CountriesResponse.swift */ = {isa = PBXFileReference; lastKnownFileType = sourcecode.swift; path = CountriesResponse.swift; sourceTree = "<group>"; };
		65C3CAC82446FCD10001C100 /* CountriesServer.swift */ = {isa = PBXFileReference; lastKnownFileType = sourcecode.swift; path = CountriesServer.swift; sourceTree = "<group>"; };
		65C3CACB244701B10001C100 /* ImageLoader.swift */ = {isa = PBXFileReference; lastKnownFileType = sourcecode.swift; path = ImageLoader.swift; sourceTree = "<group>"; };
		65C3CACD244702120001C100 /* AsyncImage.swift */ = {isa = PBXFileReference; lastKnownFileType = sourcecode.swift; path = AsyncImage.swift; sourceTree = "<group>"; };
		65C3CAD3244708F30001C100 /* CountryChartView.swift */ = {isa = PBXFileReference; lastKnownFileType = sourcecode.swift; path = CountryChartView.swift; sourceTree = "<group>"; };
		65C3CAD62447097A0001C100 /* CountryChartViewModel.swift */ = {isa = PBXFileReference; lastKnownFileType = sourcecode.swift; path = CountryChartViewModel.swift; sourceTree = "<group>"; };
		65C3CAD824470A890001C100 /* CountryDataResponse.swift */ = {isa = PBXFileReference; lastKnownFileType = sourcecode.swift; path = CountryDataResponse.swift; sourceTree = "<group>"; };
		65C3CADA24470AF00001C100 /* CountryDataProvider.swift */ = {isa = PBXFileReference; lastKnownFileType = sourcecode.swift; path = CountryDataProvider.swift; sourceTree = "<group>"; };
		65C3CADC24470B160001C100 /* CountryDataServer.swift */ = {isa = PBXFileReference; lastKnownFileType = sourcecode.swift; path = CountryDataServer.swift; sourceTree = "<group>"; };
		65C3CADE24470B320001C100 /* ServerManager.swift */ = {isa = PBXFileReference; lastKnownFileType = sourcecode.swift; path = ServerManager.swift; sourceTree = "<group>"; };
		65C3CAE024470BDC0001C100 /* StatusData.swift */ = {isa = PBXFileReference; lastKnownFileType = sourcecode.swift; path = StatusData.swift; sourceTree = "<group>"; };
		65CC378F24471A0900A49690 /* CountryCardView.swift */ = {isa = PBXFileReference; lastKnownFileType = sourcecode.swift; path = CountryCardView.swift; sourceTree = "<group>"; };
		65CC37922447299300A49690 /* NavigationBarModifier.swift */ = {isa = PBXFileReference; lastKnownFileType = sourcecode.swift; path = NavigationBarModifier.swift; sourceTree = "<group>"; };
		65CC3794244729A500A49690 /* ViewExtensions.swift */ = {isa = PBXFileReference; lastKnownFileType = sourcecode.swift; path = ViewExtensions.swift; sourceTree = "<group>"; };
		65E6FAF62445AF590057CD44 /* CovidUI.app */ = {isa = PBXFileReference; explicitFileType = wrapper.application; includeInIndex = 0; path = CovidUI.app; sourceTree = BUILT_PRODUCTS_DIR; };
		65E6FAF92445AF590057CD44 /* AppDelegate.swift */ = {isa = PBXFileReference; lastKnownFileType = sourcecode.swift; path = AppDelegate.swift; sourceTree = "<group>"; };
		65E6FAFB2445AF590057CD44 /* SceneDelegate.swift */ = {isa = PBXFileReference; lastKnownFileType = sourcecode.swift; path = SceneDelegate.swift; sourceTree = "<group>"; };
		65E6FAFD2445AF590057CD44 /* WelcomeView.swift */ = {isa = PBXFileReference; lastKnownFileType = sourcecode.swift; path = WelcomeView.swift; sourceTree = "<group>"; };
		65E6FAFF2445AF5A0057CD44 /* Assets.xcassets */ = {isa = PBXFileReference; lastKnownFileType = folder.assetcatalog; path = Assets.xcassets; sourceTree = "<group>"; };
		65E6FB022445AF5A0057CD44 /* Preview Assets.xcassets */ = {isa = PBXFileReference; lastKnownFileType = folder.assetcatalog; path = "Preview Assets.xcassets"; sourceTree = "<group>"; };
		65E6FB052445AF5A0057CD44 /* Base */ = {isa = PBXFileReference; lastKnownFileType = file.storyboard; name = Base; path = Base.lproj/LaunchScreen.storyboard; sourceTree = "<group>"; };
		65E6FB072445AF5A0057CD44 /* Info.plist */ = {isa = PBXFileReference; lastKnownFileType = text.plist.xml; path = Info.plist; sourceTree = "<group>"; };
		65E6FB0E2445AFF00057CD44 /* APIError.swift */ = {isa = PBXFileReference; lastKnownFileType = sourcecode.swift; path = APIError.swift; sourceTree = "<group>"; };
		65E6FB142445B5DB0057CD44 /* ColorExtensions.swift */ = {isa = PBXFileReference; fileEncoding = 4; lastKnownFileType = sourcecode.swift; path = ColorExtensions.swift; sourceTree = "<group>"; };
		65E6FB182445C3030057CD44 /* HomeView.swift */ = {isa = PBXFileReference; lastKnownFileType = sourcecode.swift; path = HomeView.swift; sourceTree = "<group>"; };
		65E6FB1A2445C4220057CD44 /* UIColorExtensions.swift */ = {isa = PBXFileReference; lastKnownFileType = sourcecode.swift; path = UIColorExtensions.swift; sourceTree = "<group>"; };
		65E6FB1C2445CB0A0057CD44 /* HomeViewModel.swift */ = {isa = PBXFileReference; lastKnownFileType = sourcecode.swift; path = HomeViewModel.swift; sourceTree = "<group>"; };
		65E6FB1E2445CB3B0057CD44 /* Requirement.swift */ = {isa = PBXFileReference; lastKnownFileType = sourcecode.swift; path = Requirement.swift; sourceTree = "<group>"; };
		65EB65CA2448E38600F36E50 /* SearchBar.swift */ = {isa = PBXFileReference; lastKnownFileType = sourcecode.swift; path = SearchBar.swift; sourceTree = "<group>"; };
/* End PBXFileReference section */

/* Begin PBXFrameworksBuildPhase section */
		65E6FAF32445AF590057CD44 /* Frameworks */ = {
			isa = PBXFrameworksBuildPhase;
			buildActionMask = 2147483647;
			files = (
				65C3CAD1244708DC0001C100 /* SwiftUICharts in Frameworks */,
			);
			runOnlyForDeploymentPostprocessing = 0;
		};
/* End PBXFrameworksBuildPhase section */

/* Begin PBXGroup section */
		650819BF2445F6F0003F4AC2 /* Welcome */ = {
			isa = PBXGroup;
			children = (
			);
			path = Welcome;
			sourceTree = "<group>";
		};
		650819C02445F6F4003F4AC2 /* Home */ = {
			isa = PBXGroup;
			children = (
				65E6FB1C2445CB0A0057CD44 /* HomeViewModel.swift */,
				650819BD2445F6E4003F4AC2 /* RequirementDetailViewModel.swift */,
			);
			path = Home;
			sourceTree = "<group>";
		};
		651D347124487A0E002D716B /* Common */ = {
			isa = PBXGroup;
			children = (
				651D347224487A1B002D716B /* LazyView.swift */,
				65EB65CA2448E38600F36E50 /* SearchBar.swift */,
			);
			path = Common;
			sourceTree = "<group>";
		};
		65423770244654C1007246F2 /* CardViews */ = {
			isa = PBXGroup;
			children = (
				65423771244654D4007246F2 /* FullCardView.swift */,
				6542377324465512007246F2 /* CardView.swift */,
				65423775244655B4007246F2 /* CountriesCardView.swift */,
			);
			path = CardViews;
			sourceTree = "<group>";
		};
		65C3CABA2446F8690001C100 /* CountryList */ = {
			isa = PBXGroup;
			children = (
				65C3CABB2446F87E0001C100 /* CountryListView.swift */,
				65C3CACD244702120001C100 /* AsyncImage.swift */,
				65CC378F24471A0900A49690 /* CountryCardView.swift */,
			);
			path = CountryList;
			sourceTree = "<group>";
		};
		65C3CABD2446F8CC0001C100 /* CountryList */ = {
			isa = PBXGroup;
			children = (
				65C3CABE2446F8DE0001C100 /* CountryListViewModel.swift */,
			);
			path = CountryList;
			sourceTree = "<group>";
		};
		65C3CAC22446FBE00001C100 /* Providers */ = {
			isa = PBXGroup;
			children = (
				65C3CAC32446FBFC0001C100 /* CountriesProvider.swift */,
				65C3CADA24470AF00001C100 /* CountryDataProvider.swift */,
			);
			path = Providers;
			sourceTree = "<group>";
		};
		65C3CAC52446FC240001C100 /* Responses */ = {
			isa = PBXGroup;
			children = (
				65C3CAC62446FC310001C100 /* CountriesResponse.swift */,
				65C3CAD824470A890001C100 /* CountryDataResponse.swift */,
			);
			path = Responses;
			sourceTree = "<group>";
		};
		65C3CACA244701A40001C100 /* ImageLoader */ = {
			isa = PBXGroup;
			children = (
				65C3CACB244701B10001C100 /* ImageLoader.swift */,
				6574F93224485DEE005F31F6 /* TemporaryImageCache.swift */,
				6574F93424485E62005F31F6 /* ImageCacheKey.swift */,
			);
			path = ImageLoader;
			sourceTree = "<group>";
		};
		65C3CAD2244708E20001C100 /* CountryChart */ = {
			isa = PBXGroup;
			children = (
				65C3CAD3244708F30001C100 /* CountryChartView.swift */,
			);
			path = CountryChart;
			sourceTree = "<group>";
		};
		65C3CAD52447096A0001C100 /* CountryChart */ = {
			isa = PBXGroup;
			children = (
				65C3CAD62447097A0001C100 /* CountryChartViewModel.swift */,
			);
			path = CountryChart;
			sourceTree = "<group>";
		};
		65CC37912447298600A49690 /* ViewModifiers */ = {
			isa = PBXGroup;
			children = (
				65CC37922447299300A49690 /* NavigationBarModifier.swift */,
			);
			path = ViewModifiers;
			sourceTree = "<group>";
		};
		65E6FAED2445AF590057CD44 = {
			isa = PBXGroup;
			children = (
				65E6FAF82445AF590057CD44 /* CovidUI */,
				65E6FAF72445AF590057CD44 /* Products */,
			);
			sourceTree = "<group>";
		};
		65E6FAF72445AF590057CD44 /* Products */ = {
			isa = PBXGroup;
			children = (
				65E6FAF62445AF590057CD44 /* CovidUI.app */,
			);
			name = Products;
			sourceTree = "<group>";
		};
		65E6FAF82445AF590057CD44 /* CovidUI */ = {
			isa = PBXGroup;
			children = (
				65E6FAF92445AF590057CD44 /* AppDelegate.swift */,
				65E6FAFB2445AF590057CD44 /* SceneDelegate.swift */,
				65E6FB102445B0FF0057CD44 /* View */,
				65E6FB112445B1040057CD44 /* ViewModel */,
				65E6FB122445B1090057CD44 /* Model */,
				65CC37912447298600A49690 /* ViewModifiers */,
				65C3CAC22446FBE00001C100 /* Providers */,
				65E6FB0D2445AF900057CD44 /* Server */,
				65E6FB132445B5CF0057CD44 /* Extensions */,
				65E6FAFF2445AF5A0057CD44 /* Assets.xcassets */,
				65E6FB042445AF5A0057CD44 /* LaunchScreen.storyboard */,
				65E6FB072445AF5A0057CD44 /* Info.plist */,
				65E6FB012445AF5A0057CD44 /* Preview Content */,
			);
			path = CovidUI;
			sourceTree = "<group>";
		};
		65E6FB012445AF5A0057CD44 /* Preview Content */ = {
			isa = PBXGroup;
			children = (
				65E6FB022445AF5A0057CD44 /* Preview Assets.xcassets */,
			);
			path = "Preview Content";
			sourceTree = "<group>";
		};
		65E6FB0D2445AF900057CD44 /* Server */ = {
			isa = PBXGroup;
			children = (
				65C3CADE24470B320001C100 /* ServerManager.swift */,
				65C3CACA244701A40001C100 /* ImageLoader */,
				65E6FB0E2445AFF00057CD44 /* APIError.swift */,
				65C3CAC82446FCD10001C100 /* CountriesServer.swift */,
				65C3CADC24470B160001C100 /* CountryDataServer.swift */,
			);
			path = Server;
			sourceTree = "<group>";
		};
		65E6FB102445B0FF0057CD44 /* View */ = {
			isa = PBXGroup;
			children = (
				651D347124487A0E002D716B /* Common */,
				65E6FB162445C1F40057CD44 /* Welcome */,
				65E6FB172445C2EC0057CD44 /* Home */,
				65C3CABA2446F8690001C100 /* CountryList */,
				65C3CAD2244708E20001C100 /* CountryChart */,
			);
			path = View;
			sourceTree = "<group>";
		};
		65E6FB112445B1040057CD44 /* ViewModel */ = {
			isa = PBXGroup;
			children = (
				650819BF2445F6F0003F4AC2 /* Welcome */,
				650819C02445F6F4003F4AC2 /* Home */,
				65C3CABD2446F8CC0001C100 /* CountryList */,
				65C3CAD52447096A0001C100 /* CountryChart */,
			);
			path = ViewModel;
			sourceTree = "<group>";
		};
		65E6FB122445B1090057CD44 /* Model */ = {
			isa = PBXGroup;
			children = (
				65C3CAC52446FC240001C100 /* Responses */,
				65E6FB1E2445CB3B0057CD44 /* Requirement.swift */,
				65C3CAC02446F8FD0001C100 /* Country.swift */,
				65C3CAE024470BDC0001C100 /* StatusData.swift */,
			);
			path = Model;
			sourceTree = "<group>";
		};
		65E6FB132445B5CF0057CD44 /* Extensions */ = {
			isa = PBXGroup;
			children = (
				65E6FB142445B5DB0057CD44 /* ColorExtensions.swift */,
				65E6FB1A2445C4220057CD44 /* UIColorExtensions.swift */,
				65CC3794244729A500A49690 /* ViewExtensions.swift */,
			);
			path = Extensions;
			sourceTree = "<group>";
		};
		65E6FB162445C1F40057CD44 /* Welcome */ = {
			isa = PBXGroup;
			children = (
				65E6FAFD2445AF590057CD44 /* WelcomeView.swift */,
			);
			path = Welcome;
			sourceTree = "<group>";
		};
		65E6FB172445C2EC0057CD44 /* Home */ = {
			isa = PBXGroup;
			children = (
				65423770244654C1007246F2 /* CardViews */,
				65E6FB182445C3030057CD44 /* HomeView.swift */,
				650819BB2445F677003F4AC2 /* RequirementDetailView.swift */,
			);
			path = Home;
			sourceTree = "<group>";
		};
/* End PBXGroup section */

/* Begin PBXNativeTarget section */
		65E6FAF52445AF590057CD44 /* CovidUI */ = {
			isa = PBXNativeTarget;
			buildConfigurationList = 65E6FB0A2445AF5A0057CD44 /* Build configuration list for PBXNativeTarget "CovidUI" */;
			buildPhases = (
				65E6FAF22445AF590057CD44 /* Sources */,
				65E6FAF32445AF590057CD44 /* Frameworks */,
				65E6FAF42445AF590057CD44 /* Resources */,
			);
			buildRules = (
			);
			dependencies = (
			);
			name = CovidUI;
			packageProductDependencies = (
				65C3CAD0244708DC0001C100 /* SwiftUICharts */,
			);
			productName = CovidUI;
			productReference = 65E6FAF62445AF590057CD44 /* CovidUI.app */;
			productType = "com.apple.product-type.application";
		};
/* End PBXNativeTarget section */

/* Begin PBXProject section */
		65E6FAEE2445AF590057CD44 /* Project object */ = {
			isa = PBXProject;
			attributes = {
				LastSwiftUpdateCheck = 1140;
				LastUpgradeCheck = 1140;
				ORGANIZATIONNAME = silverapps;
				TargetAttributes = {
					65E6FAF52445AF590057CD44 = {
						CreatedOnToolsVersion = 11.4;
					};
				};
			};
			buildConfigurationList = 65E6FAF12445AF590057CD44 /* Build configuration list for PBXProject "CovidUI" */;
			compatibilityVersion = "Xcode 9.3";
			developmentRegion = en;
			hasScannedForEncodings = 0;
			knownRegions = (
				en,
				Base,
			);
			mainGroup = 65E6FAED2445AF590057CD44;
			packageReferences = (
				65C3CACF244708DC0001C100 /* XCRemoteSwiftPackageReference "ChartView" */,
			);
			productRefGroup = 65E6FAF72445AF590057CD44 /* Products */;
			projectDirPath = "";
			projectRoot = "";
			targets = (
				65E6FAF52445AF590057CD44 /* CovidUI */,
			);
		};
/* End PBXProject section */

/* Begin PBXResourcesBuildPhase section */
		65E6FAF42445AF590057CD44 /* Resources */ = {
			isa = PBXResourcesBuildPhase;
			buildActionMask = 2147483647;
			files = (
				65E6FB062445AF5A0057CD44 /* LaunchScreen.storyboard in Resources */,
				65E6FB032445AF5A0057CD44 /* Preview Assets.xcassets in Resources */,
				65E6FB002445AF5A0057CD44 /* Assets.xcassets in Resources */,
			);
			runOnlyForDeploymentPostprocessing = 0;
		};
/* End PBXResourcesBuildPhase section */

/* Begin PBXSourcesBuildPhase section */
		65E6FAF22445AF590057CD44 /* Sources */ = {
			isa = PBXSourcesBuildPhase;
			buildActionMask = 2147483647;
			files = (
				65E6FAFA2445AF590057CD44 /* AppDelegate.swift in Sources */,
				65C3CABF2446F8DE0001C100 /* CountryListViewModel.swift in Sources */,
				65C3CAD924470A890001C100 /* CountryDataResponse.swift in Sources */,
				650819BC2445F677003F4AC2 /* RequirementDetailView.swift in Sources */,
				65C3CADF24470B320001C100 /* ServerManager.swift in Sources */,
				65EB65CB2448E38600F36E50 /* SearchBar.swift in Sources */,
				65E6FB1F2445CB3B0057CD44 /* Requirement.swift in Sources */,
				65C3CACE244702120001C100 /* AsyncImage.swift in Sources */,
				65C3CAD4244708F30001C100 /* CountryChartView.swift in Sources */,
				65E6FB1B2445C4220057CD44 /* UIColorExtensions.swift in Sources */,
				650819BE2445F6E4003F4AC2 /* RequirementDetailViewModel.swift in Sources */,
				65C3CABC2446F87E0001C100 /* CountryListView.swift in Sources */,
				65C3CAC42446FBFC0001C100 /* CountriesProvider.swift in Sources */,
				6574F93524485E62005F31F6 /* ImageCacheKey.swift in Sources */,
				651D347324487A1B002D716B /* LazyView.swift in Sources */,
				65423772244654D4007246F2 /* FullCardView.swift in Sources */,
				65C3CAC72446FC310001C100 /* CountriesResponse.swift in Sources */,
				65E6FB152445B5DB0057CD44 /* ColorExtensions.swift in Sources */,
				65C3CAE124470BDC0001C100 /* StatusData.swift in Sources */,
				65C3CADD24470B160001C100 /* CountryDataServer.swift in Sources */,
				65C3CAC92446FCD10001C100 /* CountriesServer.swift in Sources */,
				65C3CADB24470AF00001C100 /* CountryDataProvider.swift in Sources */,
				65C3CAC12446F8FD0001C100 /* Country.swift in Sources */,
				6542377424465512007246F2 /* CardView.swift in Sources */,
				65CC379024471A0900A49690 /* CountryCardView.swift in Sources */,
				65C3CAD72447097A0001C100 /* CountryChartViewModel.swift in Sources */,
				65C3CACC244701B10001C100 /* ImageLoader.swift in Sources */,
				65E6FB1D2445CB0A0057CD44 /* HomeViewModel.swift in Sources */,
				65E6FB0F2445AFF00057CD44 /* APIError.swift in Sources */,
				65CC3795244729A500A49690 /* ViewExtensions.swift in Sources */,
				65E6FB192445C3030057CD44 /* HomeView.swift in Sources */,
				65E6FAFC2445AF590057CD44 /* SceneDelegate.swift in Sources */,
				65E6FAFE2445AF590057CD44 /* WelcomeView.swift in Sources */,
				6574F93324485DEE005F31F6 /* TemporaryImageCache.swift in Sources */,
				65CC37932447299300A49690 /* NavigationBarModifier.swift in Sources */,
				65423776244655B4007246F2 /* CountriesCardView.swift in Sources */,
			);
			runOnlyForDeploymentPostprocessing = 0;
		};
/* End PBXSourcesBuildPhase section */

/* Begin PBXVariantGroup section */
		65E6FB042445AF5A0057CD44 /* LaunchScreen.storyboard */ = {
			isa = PBXVariantGroup;
			children = (
				65E6FB052445AF5A0057CD44 /* Base */,
			);
			name = LaunchScreen.storyboard;
			sourceTree = "<group>";
		};
/* End PBXVariantGroup section */

/* Begin XCBuildConfiguration section */
		65E6FB082445AF5A0057CD44 /* Debug */ = {
			isa = XCBuildConfiguration;
			buildSettings = {
				ALWAYS_SEARCH_USER_PATHS = NO;
				CLANG_ANALYZER_NONNULL = YES;
				CLANG_ANALYZER_NUMBER_OBJECT_CONVERSION = YES_AGGRESSIVE;
				CLANG_CXX_LANGUAGE_STANDARD = "gnu++14";
				CLANG_CXX_LIBRARY = "libc++";
				CLANG_ENABLE_MODULES = YES;
				CLANG_ENABLE_OBJC_ARC = YES;
				CLANG_ENABLE_OBJC_WEAK = YES;
				CLANG_WARN_BLOCK_CAPTURE_AUTORELEASING = YES;
				CLANG_WARN_BOOL_CONVERSION = YES;
				CLANG_WARN_COMMA = YES;
				CLANG_WARN_CONSTANT_CONVERSION = YES;
				CLANG_WARN_DEPRECATED_OBJC_IMPLEMENTATIONS = YES;
				CLANG_WARN_DIRECT_OBJC_ISA_USAGE = YES_ERROR;
				CLANG_WARN_DOCUMENTATION_COMMENTS = YES;
				CLANG_WARN_EMPTY_BODY = YES;
				CLANG_WARN_ENUM_CONVERSION = YES;
				CLANG_WARN_INFINITE_RECURSION = YES;
				CLANG_WARN_INT_CONVERSION = YES;
				CLANG_WARN_NON_LITERAL_NULL_CONVERSION = YES;
				CLANG_WARN_OBJC_IMPLICIT_RETAIN_SELF = YES;
				CLANG_WARN_OBJC_LITERAL_CONVERSION = YES;
				CLANG_WARN_OBJC_ROOT_CLASS = YES_ERROR;
				CLANG_WARN_RANGE_LOOP_ANALYSIS = YES;
				CLANG_WARN_STRICT_PROTOTYPES = YES;
				CLANG_WARN_SUSPICIOUS_MOVE = YES;
				CLANG_WARN_UNGUARDED_AVAILABILITY = YES_AGGRESSIVE;
				CLANG_WARN_UNREACHABLE_CODE = YES;
				CLANG_WARN__DUPLICATE_METHOD_MATCH = YES;
				COPY_PHASE_STRIP = NO;
				DEBUG_INFORMATION_FORMAT = dwarf;
				ENABLE_STRICT_OBJC_MSGSEND = YES;
				ENABLE_TESTABILITY = YES;
				GCC_C_LANGUAGE_STANDARD = gnu11;
				GCC_DYNAMIC_NO_PIC = NO;
				GCC_NO_COMMON_BLOCKS = YES;
				GCC_OPTIMIZATION_LEVEL = 0;
				GCC_PREPROCESSOR_DEFINITIONS = (
					"DEBUG=1",
					"$(inherited)",
				);
				GCC_WARN_64_TO_32_BIT_CONVERSION = YES;
				GCC_WARN_ABOUT_RETURN_TYPE = YES_ERROR;
				GCC_WARN_UNDECLARED_SELECTOR = YES;
				GCC_WARN_UNINITIALIZED_AUTOS = YES_AGGRESSIVE;
				GCC_WARN_UNUSED_FUNCTION = YES;
				GCC_WARN_UNUSED_VARIABLE = YES;
				IPHONEOS_DEPLOYMENT_TARGET = 13.0;
				MTL_ENABLE_DEBUG_INFO = INCLUDE_SOURCE;
				MTL_FAST_MATH = YES;
				ONLY_ACTIVE_ARCH = YES;
				SDKROOT = iphoneos;
				SWIFT_ACTIVE_COMPILATION_CONDITIONS = DEBUG;
				SWIFT_OPTIMIZATION_LEVEL = "-Onone";
			};
			name = Debug;
		};
		65E6FB092445AF5A0057CD44 /* Release */ = {
			isa = XCBuildConfiguration;
			buildSettings = {
				ALWAYS_SEARCH_USER_PATHS = NO;
				CLANG_ANALYZER_NONNULL = YES;
				CLANG_ANALYZER_NUMBER_OBJECT_CONVERSION = YES_AGGRESSIVE;
				CLANG_CXX_LANGUAGE_STANDARD = "gnu++14";
				CLANG_CXX_LIBRARY = "libc++";
				CLANG_ENABLE_MODULES = YES;
				CLANG_ENABLE_OBJC_ARC = YES;
				CLANG_ENABLE_OBJC_WEAK = YES;
				CLANG_WARN_BLOCK_CAPTURE_AUTORELEASING = YES;
				CLANG_WARN_BOOL_CONVERSION = YES;
				CLANG_WARN_COMMA = YES;
				CLANG_WARN_CONSTANT_CONVERSION = YES;
				CLANG_WARN_DEPRECATED_OBJC_IMPLEMENTATIONS = YES;
				CLANG_WARN_DIRECT_OBJC_ISA_USAGE = YES_ERROR;
				CLANG_WARN_DOCUMENTATION_COMMENTS = YES;
				CLANG_WARN_EMPTY_BODY = YES;
				CLANG_WARN_ENUM_CONVERSION = YES;
				CLANG_WARN_INFINITE_RECURSION = YES;
				CLANG_WARN_INT_CONVERSION = YES;
				CLANG_WARN_NON_LITERAL_NULL_CONVERSION = YES;
				CLANG_WARN_OBJC_IMPLICIT_RETAIN_SELF = YES;
				CLANG_WARN_OBJC_LITERAL_CONVERSION = YES;
				CLANG_WARN_OBJC_ROOT_CLASS = YES_ERROR;
				CLANG_WARN_RANGE_LOOP_ANALYSIS = YES;
				CLANG_WARN_STRICT_PROTOTYPES = YES;
				CLANG_WARN_SUSPICIOUS_MOVE = YES;
				CLANG_WARN_UNGUARDED_AVAILABILITY = YES_AGGRESSIVE;
				CLANG_WARN_UNREACHABLE_CODE = YES;
				CLANG_WARN__DUPLICATE_METHOD_MATCH = YES;
				COPY_PHASE_STRIP = NO;
				DEBUG_INFORMATION_FORMAT = "dwarf-with-dsym";
				ENABLE_NS_ASSERTIONS = NO;
				ENABLE_STRICT_OBJC_MSGSEND = YES;
				GCC_C_LANGUAGE_STANDARD = gnu11;
				GCC_NO_COMMON_BLOCKS = YES;
				GCC_WARN_64_TO_32_BIT_CONVERSION = YES;
				GCC_WARN_ABOUT_RETURN_TYPE = YES_ERROR;
				GCC_WARN_UNDECLARED_SELECTOR = YES;
				GCC_WARN_UNINITIALIZED_AUTOS = YES_AGGRESSIVE;
				GCC_WARN_UNUSED_FUNCTION = YES;
				GCC_WARN_UNUSED_VARIABLE = YES;
				IPHONEOS_DEPLOYMENT_TARGET = 13.0;
				MTL_ENABLE_DEBUG_INFO = NO;
				MTL_FAST_MATH = YES;
				SDKROOT = iphoneos;
				SWIFT_COMPILATION_MODE = wholemodule;
				SWIFT_OPTIMIZATION_LEVEL = "-O";
				VALIDATE_PRODUCT = YES;
			};
			name = Release;
		};
		65E6FB0B2445AF5A0057CD44 /* Debug */ = {
			isa = XCBuildConfiguration;
			buildSettings = {
				ASSETCATALOG_COMPILER_APPICON_NAME = AppIcon;
				CODE_SIGN_STYLE = Automatic;
				DEVELOPMENT_ASSET_PATHS = "\"CovidUI/Preview Content\"";
				DEVELOPMENT_TEAM = 7CC9LV8CXQ;
				ENABLE_PREVIEWS = YES;
				INFOPLIST_FILE = CovidUI/Info.plist;
				LD_RUNPATH_SEARCH_PATHS = (
					"$(inherited)",
					"@executable_path/Frameworks",
				);
				PRODUCT_BUNDLE_IDENTIFIER = com.silverapps.CovidUI;
				PRODUCT_NAME = "$(TARGET_NAME)";
				SWIFT_VERSION = 5.0;
				TARGETED_DEVICE_FAMILY = "1,2";
			};
			name = Debug;
		};
		65E6FB0C2445AF5A0057CD44 /* Release */ = {
			isa = XCBuildConfiguration;
			buildSettings = {
				ASSETCATALOG_COMPILER_APPICON_NAME = AppIcon;
				CODE_SIGN_STYLE = Automatic;
				DEVELOPMENT_ASSET_PATHS = "\"CovidUI/Preview Content\"";
				DEVELOPMENT_TEAM = 7CC9LV8CXQ;
				ENABLE_PREVIEWS = YES;
				INFOPLIST_FILE = CovidUI/Info.plist;
				LD_RUNPATH_SEARCH_PATHS = (
					"$(inherited)",
					"@executable_path/Frameworks",
				);
				PRODUCT_BUNDLE_IDENTIFIER = com.silverapps.CovidUI;
				PRODUCT_NAME = "$(TARGET_NAME)";
				SWIFT_VERSION = 5.0;
				TARGETED_DEVICE_FAMILY = "1,2";
			};
			name = Release;
		};
/* End XCBuildConfiguration section */

/* Begin XCConfigurationList section */
		65E6FAF12445AF590057CD44 /* Build configuration list for PBXProject "CovidUI" */ = {
			isa = XCConfigurationList;
			buildConfigurations = (
				65E6FB082445AF5A0057CD44 /* Debug */,
				65E6FB092445AF5A0057CD44 /* Release */,
			);
			defaultConfigurationIsVisible = 0;
			defaultConfigurationName = Release;
		};
		65E6FB0A2445AF5A0057CD44 /* Build configuration list for PBXNativeTarget "CovidUI" */ = {
			isa = XCConfigurationList;
			buildConfigurations = (
				65E6FB0B2445AF5A0057CD44 /* Debug */,
				65E6FB0C2445AF5A0057CD44 /* Release */,
			);
			defaultConfigurationIsVisible = 0;
			defaultConfigurationName = Release;
		};
/* End XCConfigurationList section */

/* Begin XCRemoteSwiftPackageReference section */
		65C3CACF244708DC0001C100 /* XCRemoteSwiftPackageReference "ChartView" */ = {
			isa = XCRemoteSwiftPackageReference;
			repositoryURL = "https://github.com/AppPear/ChartView";
			requirement = {
				kind = upToNextMajorVersion;
				minimumVersion = 1.5.0;
			};
		};
/* End XCRemoteSwiftPackageReference section */

/* Begin XCSwiftPackageProductDependency section */
		65C3CAD0244708DC0001C100 /* SwiftUICharts */ = {
			isa = XCSwiftPackageProductDependency;
			package = 65C3CACF244708DC0001C100 /* XCRemoteSwiftPackageReference "ChartView" */;
			productName = SwiftUICharts;
		};
/* End XCSwiftPackageProductDependency section */
	};
	rootObject = 65E6FAEE2445AF590057CD44 /* Project object */;
}
