{
  "object": {
    "pins": [
      {
        "package": "SwiftUICharts",
        "repositoryURL": "https://github.com/danielcev/ChartView",
        "state": {
          "branch": "LineViewCustomGradient",
          "revision": "32abc1ba56bff84b7c002c5ac05944ab376cef7a",
          "version": null
        }
      }
    ]
  },
  "version": 1
}
